<?xml version="1.0" encoding="utf-8"?>
<Project ToolsVersion="4.0" xmlns="http://schemas.microsoft.com/developer/msbuild/2003">
  <ItemGroup>
    <Filter Include="소스 파일">
      <UniqueIdentifier>{4FC737F1-C7A5-4376-A066-2A32D752A2FF}</UniqueIdentifier>
      <Extensions>cpp;c;cc;cxx;c++;cppm;ixx;def;odl;idl;hpj;bat;asm;asmx</Extensions>
    </Filter>
    <Filter Include="헤더 파일">
      <UniqueIdentifier>{93995380-89BD-4b04-88EB-625FBE52EBFB}</UniqueIdentifier>
      <Extensions>h;hh;hpp;hxx;h++;hm;inl;inc;ipp;xsd</Extensions>
    </Filter>
    <Filter Include="리소스 파일">
      <UniqueIdentifier>{67DA6AB6-F800-4c08-8B7A-83BB121AAD01}</UniqueIdentifier>
      <Extensions>rc;ico;cur;bmp;dlg;rc2;rct;bin;rgs;gif;jpg;jpeg;jpe;resx;tiff;tif;png;wav;mfcribbon-ms</Extensions>
    </Filter>
    <Filter Include="소스 파일\타입,연산자,조건문">
      <UniqueIdentifier>{2c3d85e5-a0fb-41c1-8df2-43ad640c8837}</UniqueIdentifier>
    </Filter>
    <Filter Include="소스 파일\반복문">
      <UniqueIdentifier>{6e130d69-a9ce-4b7d-807b-8d347de1e7c1}</UniqueIdentifier>
    </Filter>
  </ItemGroup>
  <ItemGroup>
    <ClCompile Include="18108.c">
      <Filter>소스 파일\타입,연산자,조건문</Filter>
    </ClCompile>
    <ClCompile Include="2884.c">
      <Filter>소스 파일\타입,연산자,조건문</Filter>
    </ClCompile>
    <ClCompile Include="9498.c">
      <Filter>소스 파일\타입,연산자,조건문</Filter>
    </ClCompile>
    <ClCompile Include="10430.c">
      <Filter>소스 파일\타입,연산자,조건문</Filter>
    </ClCompile>
    <ClCompile Include="14681.c">
      <Filter>소스 파일\타입,연산자,조건문</Filter>
    </ClCompile>
    <ClCompile Include="1330.c">
      <Filter>소스 파일\타입,연산자,조건문</Filter>
    </ClCompile>
    <ClCompile Include="2480.c">
      <Filter>소스 파일\타입,연산자,조건문</Filter>
    </ClCompile>
    <ClCompile Include="2525.c">
      <Filter>소스 파일\타입,연산자,조건문</Filter>
    </ClCompile>
    <ClCompile Include="2588.c">
      <Filter>소스 파일\타입,연산자,조건문</Filter>
    </ClCompile>
    <ClCompile Include="2753.c">
      <Filter>소스 파일\타입,연산자,조건문</Filter>
    </ClCompile>
    <ClCompile Include="2739.c">
      <Filter>소스 파일\반복문</Filter>
    </ClCompile>
    <ClCompile Include="반복문_연습.c">
      <Filter>소스 파일\반복문</Filter>
    </ClCompile>
    <ClCompile Include="10950.c">
      <Filter>소스 파일\반복문</Filter>
    </ClCompile>
    <ClCompile Include="8393.c">
      <Filter>소스 파일\반복문</Filter>
    </ClCompile>
    <ClCompile Include="25304.c">
      <Filter>소스 파일\반복문</Filter>
    </ClCompile>
    <ClCompile Include="15552.c">
      <Filter>소스 파일\반복문</Filter>
    </ClCompile>
    <ClCompile Include="11021.c">
      <Filter>소스 파일\반복문</Filter>
    </ClCompile>
    <ClCompile Include="11022.c">
      <Filter>소스 파일\반복문</Filter>
    </ClCompile>
  </ItemGroup>
</Project>